
Microsoft Visual Studio Solution File, Format Version 12.00
# Visual Studio Version 16
VisualStudioVersion = 16.0.29613.14
MinimumVisualStudioVersion = 10.0.40219.1
Project("{FAE04EC0-301F-11D3-BF4B-00C04F79EFBC}") = "BankKata", "BankKata\BankKata.csproj", "{4728CA32-0907-4F10-A7E3-2F435AB3B1DA}"
EndProject
Project("{FAE04EC0-301F-11D3-BF4B-00C04F79EFBC}") = "BankKataTests", "BankKataTests\BankKataTests.csproj", "{57C8A69A-61C1-4A64-9397-45F8308E0755}"
EndProject
Global
	GlobalSection(SolutionConfigurationPlatforms) = preSolution
		Debug|Any CPU = Debug|Any CPU
		Release|Any CPU = Release|Any CPU
	EndGlobalSection
	GlobalSection(ProjectConfigurationPlatforms) = postSolution
		{4728CA32-0907-4F10-A7E3-2F435AB3B1DA}.Debug|Any CPU.ActiveCfg = Debug|Any CPU
		{4728CA32-0907-4F10-A7E3-2F435AB3B1DA}.Debug|Any CPU.Build.0 = Debug|Any CPU
		{4728CA32-0907-4F10-A7E3-2F435AB3B1DA}.Release|Any CPU.ActiveCfg = Release|Any CPU
		{4728CA32-0907-4F10-A7E3-2F435AB3B1DA}.Release|Any CPU.Build.0 = Release|Any CPU
		{57C8A69A-61C1-4A64-9397-45F8308E0755}.Debug|Any CPU.ActiveCfg = Debug|Any CPU
		{57C8A69A-61C1-4A64-9397-45F8308E0755}.Debug|Any CPU.Build.0 = Debug|Any CPU
		{57C8A69A-61C1-4A64-9397-45F8308E0755}.Release|Any CPU.ActiveCfg = Release|Any CPU
		{57C8A69A-61C1-4A64-9397-45F8308E0755}.Release|Any CPU.Build.0 = Release|Any CPU
	EndGlobalSection
	GlobalSection(SolutionProperties) = preSolution
		HideSolutionNode = FALSE
	EndGlobalSection
	GlobalSection(ExtensibilityGlobals) = postSolution
		SolutionGuid = {B52C322E-D64F-49CE-8239-B31707561288}
	EndGlobalSection
EndGlobal
